// !$*UTF8*$!
{
	archiveVersion = 1;
	classes = {
	};
	objectVersion = 50;
	objects = {

/* Begin PBXBuildFile section */
		8C0997382180B1AF007D7F21 /* Ingredient+CoreDataProperties.swift in Sources */ = {isa = PBXBuildFile; fileRef = 8C0997372180B1AF007D7F21 /* Ingredient+CoreDataProperties.swift */; };
		8C09973A2180B20B007D7F21 /* IngridientsTableViewCell.swift in Sources */ = {isa = PBXBuildFile; fileRef = 8C0997392180B20B007D7F21 /* IngridientsTableViewCell.swift */; };
		8C09FA472179BA6100B844A5 /* RecipesViewController.swift in Sources */ = {isa = PBXBuildFile; fileRef = 8C09FA462179BA6100B844A5 /* RecipesViewController.swift */; };
		8C09FA492179C5D400B844A5 /* RecipeCollectionViewCell.swift in Sources */ = {isa = PBXBuildFile; fileRef = 8C09FA482179C5D400B844A5 /* RecipeCollectionViewCell.swift */; };
		8C09FA4B2179D61900B844A5 /* RecipeViewController.swift in Sources */ = {isa = PBXBuildFile; fileRef = 8C09FA4A2179D61900B844A5 /* RecipeViewController.swift */; };
		8C09FA4D2179DAE000B844A5 /* RecipeTitleTableViewCell.swift in Sources */ = {isa = PBXBuildFile; fileRef = 8C09FA4C2179DAE000B844A5 /* RecipeTitleTableViewCell.swift */; };
		8C09FA4F2179DB7C00B844A5 /* StepTableViewCell.swift in Sources */ = {isa = PBXBuildFile; fileRef = 8C09FA4E2179DB7C00B844A5 /* StepTableViewCell.swift */; };
		8C2A0DBB21774A9100EBBFDD /* AppDelegate.swift in Sources */ = {isa = PBXBuildFile; fileRef = 8C2A0DBA21774A9100EBBFDD /* AppDelegate.swift */; };
		8C2A0DC021774A9100EBBFDD /* Main.storyboard in Resources */ = {isa = PBXBuildFile; fileRef = 8C2A0DBE21774A9100EBBFDD /* Main.storyboard */; };
		8C2A0DC321774A9100EBBFDD /* Recipe_Me.xcdatamodeld in Sources */ = {isa = PBXBuildFile; fileRef = 8C2A0DC121774A9100EBBFDD /* Recipe_Me.xcdatamodeld */; };
		8C2A0DC521774A9300EBBFDD /* Assets.xcassets in Resources */ = {isa = PBXBuildFile; fileRef = 8C2A0DC421774A9300EBBFDD /* Assets.xcassets */; };
		8C2A0DC821774A9300EBBFDD /* LaunchScreen.storyboard in Resources */ = {isa = PBXBuildFile; fileRef = 8C2A0DC621774A9300EBBFDD /* LaunchScreen.storyboard */; };
		8C2A0DD321774A9300EBBFDD /* Recipe_MeTests.swift in Sources */ = {isa = PBXBuildFile; fileRef = 8C2A0DD221774A9300EBBFDD /* Recipe_MeTests.swift */; };
		8C2A0DDE21774A9300EBBFDD /* Recipe_MeUITests.swift in Sources */ = {isa = PBXBuildFile; fileRef = 8C2A0DDD21774A9300EBBFDD /* Recipe_MeUITests.swift */; };
		8C2A0DEC21777E8800EBBFDD /* TabBarController.swift in Sources */ = {isa = PBXBuildFile; fileRef = 8C2A0DEB21777E8800EBBFDD /* TabBarController.swift */; };
		8C2A0DF0217865E000EBBFDD /* seed.json in Resources */ = {isa = PBXBuildFile; fileRef = 8C2A0DEF217865E000EBBFDD /* seed.json */; };
		8C2A0DF921787E2200EBBFDD /* Step+CoreDataClass.swift in Sources */ = {isa = PBXBuildFile; fileRef = 8C2A0DF121787E2200EBBFDD /* Step+CoreDataClass.swift */; };
		8C2A0DFB21787E2200EBBFDD /* Category+CoreDataClass.swift in Sources */ = {isa = PBXBuildFile; fileRef = 8C2A0DF321787E2200EBBFDD /* Category+CoreDataClass.swift */; };
		8C2A0DFD21787E2200EBBFDD /* Ingredient+CoreDataClass.swift in Sources */ = {isa = PBXBuildFile; fileRef = 8C2A0DF521787E2200EBBFDD /* Ingredient+CoreDataClass.swift */; };
		8C2A0DFF21787E2200EBBFDD /* Recipe+CoreDataClass.swift in Sources */ = {isa = PBXBuildFile; fileRef = 8C2A0DF721787E2200EBBFDD /* Recipe+CoreDataClass.swift */; };
		8C2A0E06217888AB00EBBFDD /* Recipe+CoreDataProperties.swift in Sources */ = {isa = PBXBuildFile; fileRef = 8C2A0E05217888AB00EBBFDD /* Recipe+CoreDataProperties.swift */; };
		8C2A0E0821788B4B00EBBFDD /* Category+CoreDataProperties.swift in Sources */ = {isa = PBXBuildFile; fileRef = 8C2A0E0721788B4B00EBBFDD /* Category+CoreDataProperties.swift */; };
		8C2A0E0A2178907B00EBBFDD /* Step+CoreDataProperties.swift in Sources */ = {isa = PBXBuildFile; fileRef = 8C2A0E092178907B00EBBFDD /* Step+CoreDataProperties.swift */; };
		8C2A0E0C2178B00000EBBFDD /* CategoriesViewController.swift in Sources */ = {isa = PBXBuildFile; fileRef = 8C2A0E0B2178B00000EBBFDD /* CategoriesViewController.swift */; };
		8C2A0E142178CAC500EBBFDD /* CategoryCollectionViewCell.swift in Sources */ = {isa = PBXBuildFile; fileRef = 8C2A0E132178CAC500EBBFDD /* CategoryCollectionViewCell.swift */; };
		8CA28C0D2181B71100B45D19 /* AutoHeightTableView.swift in Sources */ = {isa = PBXBuildFile; fileRef = 8CA28C0C2181B71100B45D19 /* AutoHeightTableView.swift */; };
		8CA28C1121830A7D00B45D19 /* CreateCategoryViewController.swift in Sources */ = {isa = PBXBuildFile; fileRef = 8CA28C1021830A7D00B45D19 /* CreateCategoryViewController.swift */; };
		8CA28C132183517500B45D19 /* CreateTitleViewController.swift in Sources */ = {isa = PBXBuildFile; fileRef = 8CA28C122183517500B45D19 /* CreateTitleViewController.swift */; };
		8CBA1B6921933E4C00BE0B33 /* CreateIngredientsViewController.swift in Sources */ = {isa = PBXBuildFile; fileRef = 8CBA1B6821933E4C00BE0B33 /* CreateIngredientsViewController.swift */; };
		8CBA1B6C2193406100BE0B33 /* IngredientsTableView.swift in Sources */ = {isa = PBXBuildFile; fileRef = 8CBA1B6B2193406100BE0B33 /* IngredientsTableView.swift */; };
		8CBA1B72219340EB00BE0B33 /* IngredientTableViewCell.swift in Sources */ = {isa = PBXBuildFile; fileRef = 8CBA1B6E219340EA00BE0B33 /* IngredientTableViewCell.swift */; };
		8CBA1B73219340EB00BE0B33 /* NewIngredientTableViewCell.xib in Resources */ = {isa = PBXBuildFile; fileRef = 8CBA1B6F219340EA00BE0B33 /* NewIngredientTableViewCell.xib */; };
		8CBA1B74219340EB00BE0B33 /* NewIngredientTableViewCell.swift in Sources */ = {isa = PBXBuildFile; fileRef = 8CBA1B70219340EA00BE0B33 /* NewIngredientTableViewCell.swift */; };
		8CBA1B75219340EB00BE0B33 /* IngredientTableViewCell.xib in Resources */ = {isa = PBXBuildFile; fileRef = 8CBA1B71219340EB00BE0B33 /* IngredientTableViewCell.xib */; };
		8CFA9116219DB6CC0085D713 /* CreateStepsViewController.swift in Sources */ = {isa = PBXBuildFile; fileRef = 8CFA9115219DB6CC0085D713 /* CreateStepsViewController.swift */; };
		8CFA911E219DBA640085D713 /* ImageCollectionViewCell.xib in Resources */ = {isa = PBXBuildFile; fileRef = 8CFA9118219DBA630085D713 /* ImageCollectionViewCell.xib */; };
		8CFA911F219DBA640085D713 /* ImageWithDescriptionUploader.xib in Resources */ = {isa = PBXBuildFile; fileRef = 8CFA9119219DBA630085D713 /* ImageWithDescriptionUploader.xib */; };
		8CFA9120219DBA640085D713 /* ImageCollectionViewCell.swift in Sources */ = {isa = PBXBuildFile; fileRef = 8CFA911A219DBA630085D713 /* ImageCollectionViewCell.swift */; };
		8CFA9121219DBA640085D713 /* UITextViewWithPlaceholder.swift in Sources */ = {isa = PBXBuildFile; fileRef = 8CFA911B219DBA630085D713 /* UITextViewWithPlaceholder.swift */; };
		8CFA9122219DBA640085D713 /* ImageWithDescriptionUploader.swift in Sources */ = {isa = PBXBuildFile; fileRef = 8CFA911C219DBA640085D713 /* ImageWithDescriptionUploader.swift */; };
		8CFA9123219DBA640085D713 /* CreateStepCollectionView.swift in Sources */ = {isa = PBXBuildFile; fileRef = 8CFA911D219DBA640085D713 /* CreateStepCollectionView.swift */; };
		8CFA9125219EC78D0085D713 /* CreateRecipeImageViewController.swift in Sources */ = {isa = PBXBuildFile; fileRef = 8CFA9124219EC78D0085D713 /* CreateRecipeImageViewController.swift */; };
/* End PBXBuildFile section */

/* Begin PBXContainerItemProxy section */
		8C2A0DCF21774A9300EBBFDD /* PBXContainerItemProxy */ = {
			isa = PBXContainerItemProxy;
			containerPortal = 8C2A0DAF21774A9100EBBFDD /* Project object */;
			proxyType = 1;
			remoteGlobalIDString = 8C2A0DB621774A9100EBBFDD;
			remoteInfo = "Recipe Me";
		};
		8C2A0DDA21774A9300EBBFDD /* PBXContainerItemProxy */ = {
			isa = PBXContainerItemProxy;
			containerPortal = 8C2A0DAF21774A9100EBBFDD /* Project object */;
			proxyType = 1;
			remoteGlobalIDString = 8C2A0DB621774A9100EBBFDD;
			remoteInfo = "Recipe Me";
		};
/* End PBXContainerItemProxy section */

/* Begin PBXFileReference section */
		8C0997372180B1AF007D7F21 /* Ingredient+CoreDataProperties.swift */ = {isa = PBXFileReference; lastKnownFileType = sourcecode.swift; path = "Ingredient+CoreDataProperties.swift"; sourceTree = "<group>"; };
		8C0997392180B20B007D7F21 /* IngridientsTableViewCell.swift */ = {isa = PBXFileReference; lastKnownFileType = sourcecode.swift; path = IngridientsTableViewCell.swift; sourceTree = "<group>"; };
		8C09FA462179BA6100B844A5 /* RecipesViewController.swift */ = {isa = PBXFileReference; lastKnownFileType = sourcecode.swift; path = RecipesViewController.swift; sourceTree = "<group>"; };
		8C09FA482179C5D400B844A5 /* RecipeCollectionViewCell.swift */ = {isa = PBXFileReference; lastKnownFileType = sourcecode.swift; path = RecipeCollectionViewCell.swift; sourceTree = "<group>"; };
		8C09FA4A2179D61900B844A5 /* RecipeViewController.swift */ = {isa = PBXFileReference; lastKnownFileType = sourcecode.swift; path = RecipeViewController.swift; sourceTree = "<group>"; };
		8C09FA4C2179DAE000B844A5 /* RecipeTitleTableViewCell.swift */ = {isa = PBXFileReference; lastKnownFileType = sourcecode.swift; path = RecipeTitleTableViewCell.swift; sourceTree = "<group>"; };
		8C09FA4E2179DB7C00B844A5 /* StepTableViewCell.swift */ = {isa = PBXFileReference; lastKnownFileType = sourcecode.swift; path = StepTableViewCell.swift; sourceTree = "<group>"; };
		8C2A0DB721774A9100EBBFDD /* Recipe Me.app */ = {isa = PBXFileReference; explicitFileType = wrapper.application; includeInIndex = 0; path = "Recipe Me.app"; sourceTree = BUILT_PRODUCTS_DIR; };
		8C2A0DBA21774A9100EBBFDD /* AppDelegate.swift */ = {isa = PBXFileReference; lastKnownFileType = sourcecode.swift; path = AppDelegate.swift; sourceTree = "<group>"; };
		8C2A0DBF21774A9100EBBFDD /* Base */ = {isa = PBXFileReference; lastKnownFileType = file.storyboard; name = Base; path = Base.lproj/Main.storyboard; sourceTree = "<group>"; };
		8C2A0DC221774A9100EBBFDD /* Recipe_Me.xcdatamodel */ = {isa = PBXFileReference; lastKnownFileType = wrapper.xcdatamodel; path = Recipe_Me.xcdatamodel; sourceTree = "<group>"; };
		8C2A0DC421774A9300EBBFDD /* Assets.xcassets */ = {isa = PBXFileReference; lastKnownFileType = folder.assetcatalog; path = Assets.xcassets; sourceTree = "<group>"; };
		8C2A0DC721774A9300EBBFDD /* Base */ = {isa = PBXFileReference; lastKnownFileType = file.storyboard; name = Base; path = Base.lproj/LaunchScreen.storyboard; sourceTree = "<group>"; };
		8C2A0DC921774A9300EBBFDD /* Info.plist */ = {isa = PBXFileReference; lastKnownFileType = text.plist.xml; path = Info.plist; sourceTree = "<group>"; };
		8C2A0DCE21774A9300EBBFDD /* Recipe MeTests.xctest */ = {isa = PBXFileReference; explicitFileType = wrapper.cfbundle; includeInIndex = 0; path = "Recipe MeTests.xctest"; sourceTree = BUILT_PRODUCTS_DIR; };
		8C2A0DD221774A9300EBBFDD /* Recipe_MeTests.swift */ = {isa = PBXFileReference; lastKnownFileType = sourcecode.swift; path = Recipe_MeTests.swift; sourceTree = "<group>"; };
		8C2A0DD421774A9300EBBFDD /* Info.plist */ = {isa = PBXFileReference; lastKnownFileType = text.plist.xml; path = Info.plist; sourceTree = "<group>"; };
		8C2A0DD921774A9300EBBFDD /* Recipe MeUITests.xctest */ = {isa = PBXFileReference; explicitFileType = wrapper.cfbundle; includeInIndex = 0; path = "Recipe MeUITests.xctest"; sourceTree = BUILT_PRODUCTS_DIR; };
		8C2A0DDD21774A9300EBBFDD /* Recipe_MeUITests.swift */ = {isa = PBXFileReference; lastKnownFileType = sourcecode.swift; path = Recipe_MeUITests.swift; sourceTree = "<group>"; };
		8C2A0DDF21774A9300EBBFDD /* Info.plist */ = {isa = PBXFileReference; lastKnownFileType = text.plist.xml; path = Info.plist; sourceTree = "<group>"; };
		8C2A0DEB21777E8800EBBFDD /* TabBarController.swift */ = {isa = PBXFileReference; lastKnownFileType = sourcecode.swift; path = TabBarController.swift; sourceTree = "<group>"; };
		8C2A0DEF217865E000EBBFDD /* seed.json */ = {isa = PBXFileReference; fileEncoding = 4; lastKnownFileType = text.json; path = seed.json; sourceTree = "<group>"; };
		8C2A0DF121787E2200EBBFDD /* Step+CoreDataClass.swift */ = {isa = PBXFileReference; lastKnownFileType = sourcecode.swift; path = "Step+CoreDataClass.swift"; sourceTree = "<group>"; };
		8C2A0DF321787E2200EBBFDD /* Category+CoreDataClass.swift */ = {isa = PBXFileReference; lastKnownFileType = sourcecode.swift; path = "Category+CoreDataClass.swift"; sourceTree = "<group>"; };
		8C2A0DF521787E2200EBBFDD /* Ingredient+CoreDataClass.swift */ = {isa = PBXFileReference; lastKnownFileType = sourcecode.swift; path = "Ingredient+CoreDataClass.swift"; sourceTree = "<group>"; };
		8C2A0DF721787E2200EBBFDD /* Recipe+CoreDataClass.swift */ = {isa = PBXFileReference; lastKnownFileType = sourcecode.swift; path = "Recipe+CoreDataClass.swift"; sourceTree = "<group>"; };
		8C2A0E05217888AB00EBBFDD /* Recipe+CoreDataProperties.swift */ = {isa = PBXFileReference; lastKnownFileType = sourcecode.swift; path = "Recipe+CoreDataProperties.swift"; sourceTree = "<group>"; };
		8C2A0E0721788B4B00EBBFDD /* Category+CoreDataProperties.swift */ = {isa = PBXFileReference; lastKnownFileType = sourcecode.swift; path = "Category+CoreDataProperties.swift"; sourceTree = "<group>"; };
		8C2A0E092178907B00EBBFDD /* Step+CoreDataProperties.swift */ = {isa = PBXFileReference; lastKnownFileType = sourcecode.swift; path = "Step+CoreDataProperties.swift"; sourceTree = "<group>"; };
		8C2A0E0B2178B00000EBBFDD /* CategoriesViewController.swift */ = {isa = PBXFileReference; lastKnownFileType = sourcecode.swift; path = CategoriesViewController.swift; sourceTree = "<group>"; };
		8C2A0E132178CAC500EBBFDD /* CategoryCollectionViewCell.swift */ = {isa = PBXFileReference; lastKnownFileType = sourcecode.swift; path = CategoryCollectionViewCell.swift; sourceTree = "<group>"; };
		8CA28C0C2181B71100B45D19 /* AutoHeightTableView.swift */ = {isa = PBXFileReference; lastKnownFileType = sourcecode.swift; path = AutoHeightTableView.swift; sourceTree = "<group>"; };
		8CA28C1021830A7D00B45D19 /* CreateCategoryViewController.swift */ = {isa = PBXFileReference; lastKnownFileType = sourcecode.swift; path = CreateCategoryViewController.swift; sourceTree = "<group>"; };
		8CA28C122183517500B45D19 /* CreateTitleViewController.swift */ = {isa = PBXFileReference; lastKnownFileType = sourcecode.swift; path = CreateTitleViewController.swift; sourceTree = "<group>"; };
		8CBA1B6821933E4C00BE0B33 /* CreateIngredientsViewController.swift */ = {isa = PBXFileReference; lastKnownFileType = sourcecode.swift; path = CreateIngredientsViewController.swift; sourceTree = "<group>"; };
		8CBA1B6B2193406100BE0B33 /* IngredientsTableView.swift */ = {isa = PBXFileReference; fileEncoding = 4; lastKnownFileType = sourcecode.swift; path = IngredientsTableView.swift; sourceTree = "<group>"; };
		8CBA1B6E219340EA00BE0B33 /* IngredientTableViewCell.swift */ = {isa = PBXFileReference; fileEncoding = 4; lastKnownFileType = sourcecode.swift; path = IngredientTableViewCell.swift; sourceTree = "<group>"; };
		8CBA1B6F219340EA00BE0B33 /* NewIngredientTableViewCell.xib */ = {isa = PBXFileReference; fileEncoding = 4; lastKnownFileType = file.xib; path = NewIngredientTableViewCell.xib; sourceTree = "<group>"; };
		8CBA1B70219340EA00BE0B33 /* NewIngredientTableViewCell.swift */ = {isa = PBXFileReference; fileEncoding = 4; lastKnownFileType = sourcecode.swift; path = NewIngredientTableViewCell.swift; sourceTree = "<group>"; };
		8CBA1B71219340EB00BE0B33 /* IngredientTableViewCell.xib */ = {isa = PBXFileReference; fileEncoding = 4; lastKnownFileType = file.xib; path = IngredientTableViewCell.xib; sourceTree = "<group>"; };
		8CFA9115219DB6CC0085D713 /* CreateStepsViewController.swift */ = {isa = PBXFileReference; fileEncoding = 4; lastKnownFileType = sourcecode.swift; path = CreateStepsViewController.swift; sourceTree = "<group>"; };
		8CFA9118219DBA630085D713 /* ImageCollectionViewCell.xib */ = {isa = PBXFileReference; fileEncoding = 4; lastKnownFileType = file.xib; path = ImageCollectionViewCell.xib; sourceTree = "<group>"; };
		8CFA9119219DBA630085D713 /* ImageWithDescriptionUploader.xib */ = {isa = PBXFileReference; fileEncoding = 4; lastKnownFileType = file.xib; path = ImageWithDescriptionUploader.xib; sourceTree = "<group>"; };
		8CFA911A219DBA630085D713 /* ImageCollectionViewCell.swift */ = {isa = PBXFileReference; fileEncoding = 4; lastKnownFileType = sourcecode.swift; path = ImageCollectionViewCell.swift; sourceTree = "<group>"; };
		8CFA911B219DBA630085D713 /* UITextViewWithPlaceholder.swift */ = {isa = PBXFileReference; fileEncoding = 4; lastKnownFileType = sourcecode.swift; path = UITextViewWithPlaceholder.swift; sourceTree = "<group>"; };
		8CFA911C219DBA640085D713 /* ImageWithDescriptionUploader.swift */ = {isa = PBXFileReference; fileEncoding = 4; lastKnownFileType = sourcecode.swift; path = ImageWithDescriptionUploader.swift; sourceTree = "<group>"; };
		8CFA911D219DBA640085D713 /* CreateStepCollectionView.swift */ = {isa = PBXFileReference; fileEncoding = 4; lastKnownFileType = sourcecode.swift; path = CreateStepCollectionView.swift; sourceTree = "<group>"; };
		8CFA9124219EC78D0085D713 /* CreateRecipeImageViewController.swift */ = {isa = PBXFileReference; lastKnownFileType = sourcecode.swift; path = CreateRecipeImageViewController.swift; sourceTree = "<group>"; };
/* End PBXFileReference section */

/* Begin PBXFrameworksBuildPhase section */
		8C2A0DB421774A9100EBBFDD /* Frameworks */ = {
			isa = PBXFrameworksBuildPhase;
			buildActionMask = 2147483647;
			files = (
			);
			runOnlyForDeploymentPostprocessing = 0;
		};
		8C2A0DCB21774A9300EBBFDD /* Frameworks */ = {
			isa = PBXFrameworksBuildPhase;
			buildActionMask = 2147483647;
			files = (
			);
			runOnlyForDeploymentPostprocessing = 0;
		};
		8C2A0DD621774A9300EBBFDD /* Frameworks */ = {
			isa = PBXFrameworksBuildPhase;
			buildActionMask = 2147483647;
			files = (
			);
			runOnlyForDeploymentPostprocessing = 0;
		};
/* End PBXFrameworksBuildPhase section */

/* Begin PBXGroup section */
		8C1E3F8C218C541400410621 /* Scenes */ = {
			isa = PBXGroup;
			children = (
				8C5AE40421AFDF790009A9EB /* Categories scene */,
				8C5AE40621AFDF970009A9EB /* Recipes scene */,
				8CA28C0E2182110C00B45D19 /* Recipe scene */,
			);
			path = Scenes;
			sourceTree = "<group>";
		};
		8C1E3F8D218C55A000410621 /* Recipe Creation scenes */ = {
			isa = PBXGroup;
			children = (
				8CA28C1021830A7D00B45D19 /* CreateCategoryViewController.swift */,
				8CA28C122183517500B45D19 /* CreateTitleViewController.swift */,
				8CBA1B6A2193401700BE0B33 /* Create Ingredients scene */,
				8CFA9114219DB6930085D713 /* Create Steps scene */,
				8CFA9124219EC78D0085D713 /* CreateRecipeImageViewController.swift */,
			);
			path = "Recipe Creation scenes";
			sourceTree = "<group>";
		};
		8C2A0DAE21774A9100EBBFDD = {
			isa = PBXGroup;
			children = (
				8C2A0DB921774A9100EBBFDD /* Recipe Me */,
				8C2A0DD121774A9300EBBFDD /* Recipe MeTests */,
				8C2A0DDC21774A9300EBBFDD /* Recipe MeUITests */,
				8C2A0DB821774A9100EBBFDD /* Products */,
			);
			sourceTree = "<group>";
		};
		8C2A0DB821774A9100EBBFDD /* Products */ = {
			isa = PBXGroup;
			children = (
				8C2A0DB721774A9100EBBFDD /* Recipe Me.app */,
				8C2A0DCE21774A9300EBBFDD /* Recipe MeTests.xctest */,
				8C2A0DD921774A9300EBBFDD /* Recipe MeUITests.xctest */,
			);
			name = Products;
			sourceTree = "<group>";
		};
		8C2A0DB921774A9100EBBFDD /* Recipe Me */ = {
			isa = PBXGroup;
			children = (
				8C2A0E0221787E4300EBBFDD /* NSManagedObject */,
				8C2A0DBA21774A9100EBBFDD /* AppDelegate.swift */,
				8C2A0DEB21777E8800EBBFDD /* TabBarController.swift */,
				8C1E3F8C218C541400410621 /* Scenes */,
				8C1E3F8D218C55A000410621 /* Recipe Creation scenes */,
				8C2A0DBE21774A9100EBBFDD /* Main.storyboard */,
				8C2A0DC421774A9300EBBFDD /* Assets.xcassets */,
				8C2A0DC621774A9300EBBFDD /* LaunchScreen.storyboard */,
				8C2A0DC921774A9300EBBFDD /* Info.plist */,
				8C2A0DC121774A9100EBBFDD /* Recipe_Me.xcdatamodeld */,
				8C2A0DEF217865E000EBBFDD /* seed.json */,
			);
			path = "Recipe Me";
			sourceTree = "<group>";
		};
		8C2A0DD121774A9300EBBFDD /* Recipe MeTests */ = {
			isa = PBXGroup;
			children = (
				8C2A0DD221774A9300EBBFDD /* Recipe_MeTests.swift */,
				8C2A0DD421774A9300EBBFDD /* Info.plist */,
			);
			path = "Recipe MeTests";
			sourceTree = "<group>";
		};
		8C2A0DDC21774A9300EBBFDD /* Recipe MeUITests */ = {
			isa = PBXGroup;
			children = (
				8C2A0DDD21774A9300EBBFDD /* Recipe_MeUITests.swift */,
				8C2A0DDF21774A9300EBBFDD /* Info.plist */,
			);
			path = "Recipe MeUITests";
			sourceTree = "<group>";
		};
		8C2A0E0221787E4300EBBFDD /* NSManagedObject */ = {
			isa = PBXGroup;
			children = (
				8C2A0DF121787E2200EBBFDD /* Step+CoreDataClass.swift */,
				8C2A0E092178907B00EBBFDD /* Step+CoreDataProperties.swift */,
				8C2A0DF321787E2200EBBFDD /* Category+CoreDataClass.swift */,
				8C2A0E0721788B4B00EBBFDD /* Category+CoreDataProperties.swift */,
				8C2A0DF521787E2200EBBFDD /* Ingredient+CoreDataClass.swift */,
				8C0997372180B1AF007D7F21 /* Ingredient+CoreDataProperties.swift */,
				8C2A0DF721787E2200EBBFDD /* Recipe+CoreDataClass.swift */,
				8C2A0E05217888AB00EBBFDD /* Recipe+CoreDataProperties.swift */,
			);
			path = NSManagedObject;
			sourceTree = "<group>";
		};
		8C5AE40321AFDF6C0009A9EB /* View */ = {
			isa = PBXGroup;
			children = (
				8C2A0E132178CAC500EBBFDD /* CategoryCollectionViewCell.swift */,
			);
			path = View;
			sourceTree = "<group>";
		};
		8C5AE40421AFDF790009A9EB /* Categories scene */ = {
			isa = PBXGroup;
			children = (
				8C2A0E0B2178B00000EBBFDD /* CategoriesViewController.swift */,
				8C5AE40321AFDF6C0009A9EB /* View */,
			);
			path = "Categories scene";
			sourceTree = "<group>";
		};
		8C5AE40521AFDF8E0009A9EB /* View */ = {
			isa = PBXGroup;
			children = (
				8C09FA482179C5D400B844A5 /* RecipeCollectionViewCell.swift */,
			);
			path = View;
			sourceTree = "<group>";
		};
		8C5AE40621AFDF970009A9EB /* Recipes scene */ = {
			isa = PBXGroup;
			children = (
				8C09FA462179BA6100B844A5 /* RecipesViewController.swift */,
				8C5AE40521AFDF8E0009A9EB /* View */,
			);
			path = "Recipes scene";
			sourceTree = "<group>";
		};
		8CA28C0E2182110C00B45D19 /* Recipe scene */ = {
			isa = PBXGroup;
			children = (
				8C09FA4A2179D61900B844A5 /* RecipeViewController.swift */,
				8CA28C0F2182115100B45D19 /* View */,
			);
			path = "Recipe scene";
			sourceTree = "<group>";
		};
		8CA28C0F2182115100B45D19 /* View */ = {
			isa = PBXGroup;
			children = (
				8C09FA4C2179DAE000B844A5 /* RecipeTitleTableViewCell.swift */,
				8C09FA4E2179DB7C00B844A5 /* StepTableViewCell.swift */,
				8C0997392180B20B007D7F21 /* IngridientsTableViewCell.swift */,
				8CA28C0C2181B71100B45D19 /* AutoHeightTableView.swift */,
			);
			path = View;
			sourceTree = "<group>";
		};
		8CBA1B6A2193401700BE0B33 /* Create Ingredients scene */ = {
			isa = PBXGroup;
			children = (
				8CBA1B6821933E4C00BE0B33 /* CreateIngredientsViewController.swift */,
				8CBA1B6D2193406600BE0B33 /* View */,
			);
			path = "Create Ingredients scene";
			sourceTree = "<group>";
		};
		8CBA1B6D2193406600BE0B33 /* View */ = {
			isa = PBXGroup;
			children = (
				8CBA1B6B2193406100BE0B33 /* IngredientsTableView.swift */,
				8CBA1B6E219340EA00BE0B33 /* IngredientTableViewCell.swift */,
				8CBA1B71219340EB00BE0B33 /* IngredientTableViewCell.xib */,
				8CBA1B70219340EA00BE0B33 /* NewIngredientTableViewCell.swift */,
				8CBA1B6F219340EA00BE0B33 /* NewIngredientTableViewCell.xib */,
			);
			path = View;
			sourceTree = "<group>";
		};
		8CFA9114219DB6930085D713 /* Create Steps scene */ = {
			isa = PBXGroup;
			children = (
				8CFA9115219DB6CC0085D713 /* CreateStepsViewController.swift */,
				8CFA9117219DB98A0085D713 /* View */,
			);
			path = "Create Steps scene";
			sourceTree = "<group>";
		};
		8CFA9117219DB98A0085D713 /* View */ = {
			isa = PBXGroup;
			children = (
				8CFA911D219DBA640085D713 /* CreateStepCollectionView.swift */,
				8CFA911A219DBA630085D713 /* ImageCollectionViewCell.swift */,
				8CFA9118219DBA630085D713 /* ImageCollectionViewCell.xib */,
				8CFA911C219DBA640085D713 /* ImageWithDescriptionUploader.swift */,
				8CFA9119219DBA630085D713 /* ImageWithDescriptionUploader.xib */,
				8CFA911B219DBA630085D713 /* UITextViewWithPlaceholder.swift */,
			);
			path = View;
			sourceTree = "<group>";
		};
/* End PBXGroup section */

/* Begin PBXNativeTarget section */
		8C2A0DB621774A9100EBBFDD /* Recipe Me */ = {
			isa = PBXNativeTarget;
			buildConfigurationList = 8C2A0DE221774A9300EBBFDD /* Build configuration list for PBXNativeTarget "Recipe Me" */;
			buildPhases = (
				8C2A0DB321774A9100EBBFDD /* Sources */,
				8C2A0DB421774A9100EBBFDD /* Frameworks */,
				8C2A0DB521774A9100EBBFDD /* Resources */,
			);
			buildRules = (
			);
			dependencies = (
			);
			name = "Recipe Me";
			productName = "Recipe Me";
			productReference = 8C2A0DB721774A9100EBBFDD /* Recipe Me.app */;
			productType = "com.apple.product-type.application";
		};
		8C2A0DCD21774A9300EBBFDD /* Recipe MeTests */ = {
			isa = PBXNativeTarget;
			buildConfigurationList = 8C2A0DE521774A9300EBBFDD /* Build configuration list for PBXNativeTarget "Recipe MeTests" */;
			buildPhases = (
				8C2A0DCA21774A9300EBBFDD /* Sources */,
				8C2A0DCB21774A9300EBBFDD /* Frameworks */,
				8C2A0DCC21774A9300EBBFDD /* Resources */,
			);
			buildRules = (
			);
			dependencies = (
				8C2A0DD021774A9300EBBFDD /* PBXTargetDependency */,
			);
			name = "Recipe MeTests";
			productName = "Recipe MeTests";
			productReference = 8C2A0DCE21774A9300EBBFDD /* Recipe MeTests.xctest */;
			productType = "com.apple.product-type.bundle.unit-test";
		};
		8C2A0DD821774A9300EBBFDD /* Recipe MeUITests */ = {
			isa = PBXNativeTarget;
			buildConfigurationList = 8C2A0DE821774A9300EBBFDD /* Build configuration list for PBXNativeTarget "Recipe MeUITests" */;
			buildPhases = (
				8C2A0DD521774A9300EBBFDD /* Sources */,
				8C2A0DD621774A9300EBBFDD /* Frameworks */,
				8C2A0DD721774A9300EBBFDD /* Resources */,
			);
			buildRules = (
			);
			dependencies = (
				8C2A0DDB21774A9300EBBFDD /* PBXTargetDependency */,
			);
			name = "Recipe MeUITests";
			productName = "Recipe MeUITests";
			productReference = 8C2A0DD921774A9300EBBFDD /* Recipe MeUITests.xctest */;
			productType = "com.apple.product-type.bundle.ui-testing";
		};
/* End PBXNativeTarget section */

/* Begin PBXProject section */
		8C2A0DAF21774A9100EBBFDD /* Project object */ = {
			isa = PBXProject;
			attributes = {
				LastSwiftUpdateCheck = 1000;
				LastUpgradeCheck = 1000;
				ORGANIZATIONNAME = Jora;
				TargetAttributes = {
					8C2A0DB621774A9100EBBFDD = {
						CreatedOnToolsVersion = 10.0;
					};
					8C2A0DCD21774A9300EBBFDD = {
						CreatedOnToolsVersion = 10.0;
						TestTargetID = 8C2A0DB621774A9100EBBFDD;
					};
					8C2A0DD821774A9300EBBFDD = {
						CreatedOnToolsVersion = 10.0;
						TestTargetID = 8C2A0DB621774A9100EBBFDD;
					};
				};
			};
			buildConfigurationList = 8C2A0DB221774A9100EBBFDD /* Build configuration list for PBXProject "Recipe Me" */;
			compatibilityVersion = "Xcode 9.3";
			developmentRegion = en;
			hasScannedForEncodings = 0;
			knownRegions = (
				en,
				Base,
			);
			mainGroup = 8C2A0DAE21774A9100EBBFDD;
			productRefGroup = 8C2A0DB821774A9100EBBFDD /* Products */;
			projectDirPath = "";
			projectRoot = "";
			targets = (
				8C2A0DB621774A9100EBBFDD /* Recipe Me */,
				8C2A0DCD21774A9300EBBFDD /* Recipe MeTests */,
				8C2A0DD821774A9300EBBFDD /* Recipe MeUITests */,
			);
		};
/* End PBXProject section */

/* Begin PBXResourcesBuildPhase section */
		8C2A0DB521774A9100EBBFDD /* Resources */ = {
			isa = PBXResourcesBuildPhase;
			buildActionMask = 2147483647;
			files = (
				8CFA911F219DBA640085D713 /* ImageWithDescriptionUploader.xib in Resources */,
				8CBA1B73219340EB00BE0B33 /* NewIngredientTableViewCell.xib in Resources */,
				8C2A0DC821774A9300EBBFDD /* LaunchScreen.storyboard in Resources */,
				8C2A0DC521774A9300EBBFDD /* Assets.xcassets in Resources */,
				8CFA911E219DBA640085D713 /* ImageCollectionViewCell.xib in Resources */,
				8C2A0DF0217865E000EBBFDD /* seed.json in Resources */,
				8CBA1B75219340EB00BE0B33 /* IngredientTableViewCell.xib in Resources */,
				8C2A0DC021774A9100EBBFDD /* Main.storyboard in Resources */,
			);
			runOnlyForDeploymentPostprocessing = 0;
		};
		8C2A0DCC21774A9300EBBFDD /* Resources */ = {
			isa = PBXResourcesBuildPhase;
			buildActionMask = 2147483647;
			files = (
			);
			runOnlyForDeploymentPostprocessing = 0;
		};
		8C2A0DD721774A9300EBBFDD /* Resources */ = {
			isa = PBXResourcesBuildPhase;
			buildActionMask = 2147483647;
			files = (
			);
			runOnlyForDeploymentPostprocessing = 0;
		};
/* End PBXResourcesBuildPhase section */

/* Begin PBXSourcesBuildPhase section */
		8C2A0DB321774A9100EBBFDD /* Sources */ = {
			isa = PBXSourcesBuildPhase;
			buildActionMask = 2147483647;
			files = (
				8C2A0E0A2178907B00EBBFDD /* Step+CoreDataProperties.swift in Sources */,
				8C2A0DEC21777E8800EBBFDD /* TabBarController.swift in Sources */,
				8C2A0DFD21787E2200EBBFDD /* Ingredient+CoreDataClass.swift in Sources */,
				8C2A0E0C2178B00000EBBFDD /* CategoriesViewController.swift in Sources */,
				8C09FA4D2179DAE000B844A5 /* RecipeTitleTableViewCell.swift in Sources */,
				8C2A0DFB21787E2200EBBFDD /* Category+CoreDataClass.swift in Sources */,
				8CFA9120219DBA640085D713 /* ImageCollectionViewCell.swift in Sources */,
				8C2A0E142178CAC500EBBFDD /* CategoryCollectionViewCell.swift in Sources */,
				8CFA9116219DB6CC0085D713 /* CreateStepsViewController.swift in Sources */,
				8CFA9122219DBA640085D713 /* ImageWithDescriptionUploader.swift in Sources */,
				8C2A0DFF21787E2200EBBFDD /* Recipe+CoreDataClass.swift in Sources */,
				8C09FA472179BA6100B844A5 /* RecipesViewController.swift in Sources */,
				8C2A0E0821788B4B00EBBFDD /* Category+CoreDataProperties.swift in Sources */,
				8CBA1B6921933E4C00BE0B33 /* CreateIngredientsViewController.swift in Sources */,
				8CFA9125219EC78D0085D713 /* CreateRecipeImageViewController.swift in Sources */,
				8C0997382180B1AF007D7F21 /* Ingredient+CoreDataProperties.swift in Sources */,
				8CFA9123219DBA640085D713 /* CreateStepCollectionView.swift in Sources */,
				8CFA9121219DBA640085D713 /* UITextViewWithPlaceholder.swift in Sources */,
				8CA28C132183517500B45D19 /* CreateTitleViewController.swift in Sources */,
				8C09973A2180B20B007D7F21 /* IngridientsTableViewCell.swift in Sources */,
				8CA28C1121830A7D00B45D19 /* CreateCategoryViewController.swift in Sources */,
				8CBA1B72219340EB00BE0B33 /* IngredientTableViewCell.swift in Sources */,
				8C2A0DC321774A9100EBBFDD /* Recipe_Me.xcdatamodeld in Sources */,
				8C2A0E06217888AB00EBBFDD /* Recipe+CoreDataProperties.swift in Sources */,
				8C09FA4B2179D61900B844A5 /* RecipeViewController.swift in Sources */,
				8CBA1B74219340EB00BE0B33 /* NewIngredientTableViewCell.swift in Sources */,
				8CBA1B6C2193406100BE0B33 /* IngredientsTableView.swift in Sources */,
				8C09FA492179C5D400B844A5 /* RecipeCollectionViewCell.swift in Sources */,
				8C09FA4F2179DB7C00B844A5 /* StepTableViewCell.swift in Sources */,
				8CA28C0D2181B71100B45D19 /* AutoHeightTableView.swift in Sources */,
				8C2A0DBB21774A9100EBBFDD /* AppDelegate.swift in Sources */,
				8C2A0DF921787E2200EBBFDD /* Step+CoreDataClass.swift in Sources */,
			);
			runOnlyForDeploymentPostprocessing = 0;
		};
		8C2A0DCA21774A9300EBBFDD /* Sources */ = {
			isa = PBXSourcesBuildPhase;
			buildActionMask = 2147483647;
			files = (
				8C2A0DD321774A9300EBBFDD /* Recipe_MeTests.swift in Sources */,
			);
			runOnlyForDeploymentPostprocessing = 0;
		};
		8C2A0DD521774A9300EBBFDD /* Sources */ = {
			isa = PBXSourcesBuildPhase;
			buildActionMask = 2147483647;
			files = (
				8C2A0DDE21774A9300EBBFDD /* Recipe_MeUITests.swift in Sources */,
			);
			runOnlyForDeploymentPostprocessing = 0;
		};
/* End PBXSourcesBuildPhase section */

/* Begin PBXTargetDependency section */
		8C2A0DD021774A9300EBBFDD /* PBXTargetDependency */ = {
			isa = PBXTargetDependency;
			target = 8C2A0DB621774A9100EBBFDD /* Recipe Me */;
			targetProxy = 8C2A0DCF21774A9300EBBFDD /* PBXContainerItemProxy */;
		};
		8C2A0DDB21774A9300EBBFDD /* PBXTargetDependency */ = {
			isa = PBXTargetDependency;
			target = 8C2A0DB621774A9100EBBFDD /* Recipe Me */;
			targetProxy = 8C2A0DDA21774A9300EBBFDD /* PBXContainerItemProxy */;
		};
/* End PBXTargetDependency section */

/* Begin PBXVariantGroup section */
		8C2A0DBE21774A9100EBBFDD /* Main.storyboard */ = {
			isa = PBXVariantGroup;
			children = (
				8C2A0DBF21774A9100EBBFDD /* Base */,
			);
			name = Main.storyboard;
			sourceTree = "<group>";
		};
		8C2A0DC621774A9300EBBFDD /* LaunchScreen.storyboard */ = {
			isa = PBXVariantGroup;
			children = (
				8C2A0DC721774A9300EBBFDD /* Base */,
			);
			name = LaunchScreen.storyboard;
			sourceTree = "<group>";
		};
/* End PBXVariantGroup section */

/* Begin XCBuildConfiguration section */
		8C2A0DE021774A9300EBBFDD /* Debug */ = {
			isa = XCBuildConfiguration;
			buildSettings = {
				ALWAYS_SEARCH_USER_PATHS = NO;
				CLANG_ANALYZER_NONNULL = YES;
				CLANG_ANALYZER_NUMBER_OBJECT_CONVERSION = YES_AGGRESSIVE;
				CLANG_CXX_LANGUAGE_STANDARD = "gnu++14";
				CLANG_CXX_LIBRARY = "libc++";
				CLANG_ENABLE_MODULES = YES;
				CLANG_ENABLE_OBJC_ARC = YES;
				CLANG_ENABLE_OBJC_WEAK = YES;
				CLANG_WARN_BLOCK_CAPTURE_AUTORELEASING = YES;
				CLANG_WARN_BOOL_CONVERSION = YES;
				CLANG_WARN_COMMA = YES;
				CLANG_WARN_CONSTANT_CONVERSION = YES;
				CLANG_WARN_DEPRECATED_OBJC_IMPLEMENTATIONS = YES;
				CLANG_WARN_DIRECT_OBJC_ISA_USAGE = YES_ERROR;
				CLANG_WARN_DOCUMENTATION_COMMENTS = YES;
				CLANG_WARN_EMPTY_BODY = YES;
				CLANG_WARN_ENUM_CONVERSION = YES;
				CLANG_WARN_INFINITE_RECURSION = YES;
				CLANG_WARN_INT_CONVERSION = YES;
				CLANG_WARN_NON_LITERAL_NULL_CONVERSION = YES;
				CLANG_WARN_OBJC_IMPLICIT_RETAIN_SELF = YES;
				CLANG_WARN_OBJC_LITERAL_CONVERSION = YES;
				CLANG_WARN_OBJC_ROOT_CLASS = YES_ERROR;
				CLANG_WARN_RANGE_LOOP_ANALYSIS = YES;
				CLANG_WARN_STRICT_PROTOTYPES = YES;
				CLANG_WARN_SUSPICIOUS_MOVE = YES;
				CLANG_WARN_UNGUARDED_AVAILABILITY = YES_AGGRESSIVE;
				CLANG_WARN_UNREACHABLE_CODE = YES;
				CLANG_WARN__DUPLICATE_METHOD_MATCH = YES;
				CODE_SIGN_IDENTITY = "iPhone Developer";
				COPY_PHASE_STRIP = NO;
				DEBUG_INFORMATION_FORMAT = dwarf;
				ENABLE_STRICT_OBJC_MSGSEND = YES;
				ENABLE_TESTABILITY = YES;
				GCC_C_LANGUAGE_STANDARD = gnu11;
				GCC_DYNAMIC_NO_PIC = NO;
				GCC_NO_COMMON_BLOCKS = YES;
				GCC_OPTIMIZATION_LEVEL = 0;
				GCC_PREPROCESSOR_DEFINITIONS = (
					"DEBUG=1",
					"$(inherited)",
				);
				GCC_WARN_64_TO_32_BIT_CONVERSION = YES;
				GCC_WARN_ABOUT_RETURN_TYPE = YES_ERROR;
				GCC_WARN_UNDECLARED_SELECTOR = YES;
				GCC_WARN_UNINITIALIZED_AUTOS = YES_AGGRESSIVE;
				GCC_WARN_UNUSED_FUNCTION = YES;
				GCC_WARN_UNUSED_VARIABLE = YES;
				IPHONEOS_DEPLOYMENT_TARGET = 12.0;
				MTL_ENABLE_DEBUG_INFO = INCLUDE_SOURCE;
				MTL_FAST_MATH = YES;
				ONLY_ACTIVE_ARCH = YES;
				SDKROOT = iphoneos;
				SWIFT_ACTIVE_COMPILATION_CONDITIONS = DEBUG;
				SWIFT_OPTIMIZATION_LEVEL = "-Onone";
			};
			name = Debug;
		};
		8C2A0DE121774A9300EBBFDD /* Release */ = {
			isa = XCBuildConfiguration;
			buildSettings = {
				ALWAYS_SEARCH_USER_PATHS = NO;
				CLANG_ANALYZER_NONNULL = YES;
				CLANG_ANALYZER_NUMBER_OBJECT_CONVERSION = YES_AGGRESSIVE;
				CLANG_CXX_LANGUAGE_STANDARD = "gnu++14";
				CLANG_CXX_LIBRARY = "libc++";
				CLANG_ENABLE_MODULES = YES;
				CLANG_ENABLE_OBJC_ARC = YES;
				CLANG_ENABLE_OBJC_WEAK = YES;
				CLANG_WARN_BLOCK_CAPTURE_AUTORELEASING = YES;
				CLANG_WARN_BOOL_CONVERSION = YES;
				CLANG_WARN_COMMA = YES;
				CLANG_WARN_CONSTANT_CONVERSION = YES;
				CLANG_WARN_DEPRECATED_OBJC_IMPLEMENTATIONS = YES;
				CLANG_WARN_DIRECT_OBJC_ISA_USAGE = YES_ERROR;
				CLANG_WARN_DOCUMENTATION_COMMENTS = YES;
				CLANG_WARN_EMPTY_BODY = YES;
				CLANG_WARN_ENUM_CONVERSION = YES;
				CLANG_WARN_INFINITE_RECURSION = YES;
				CLANG_WARN_INT_CONVERSION = YES;
				CLANG_WARN_NON_LITERAL_NULL_CONVERSION = YES;
				CLANG_WARN_OBJC_IMPLICIT_RETAIN_SELF = YES;
				CLANG_WARN_OBJC_LITERAL_CONVERSION = YES;
				CLANG_WARN_OBJC_ROOT_CLASS = YES_ERROR;
				CLANG_WARN_RANGE_LOOP_ANALYSIS = YES;
				CLANG_WARN_STRICT_PROTOTYPES = YES;
				CLANG_WARN_SUSPICIOUS_MOVE = YES;
				CLANG_WARN_UNGUARDED_AVAILABILITY = YES_AGGRESSIVE;
				CLANG_WARN_UNREACHABLE_CODE = YES;
				CLANG_WARN__DUPLICATE_METHOD_MATCH = YES;
				CODE_SIGN_IDENTITY = "iPhone Developer";
				COPY_PHASE_STRIP = NO;
				DEBUG_INFORMATION_FORMAT = "dwarf-with-dsym";
				ENABLE_NS_ASSERTIONS = NO;
				ENABLE_STRICT_OBJC_MSGSEND = YES;
				GCC_C_LANGUAGE_STANDARD = gnu11;
				GCC_NO_COMMON_BLOCKS = YES;
				GCC_WARN_64_TO_32_BIT_CONVERSION = YES;
				GCC_WARN_ABOUT_RETURN_TYPE = YES_ERROR;
				GCC_WARN_UNDECLARED_SELECTOR = YES;
				GCC_WARN_UNINITIALIZED_AUTOS = YES_AGGRESSIVE;
				GCC_WARN_UNUSED_FUNCTION = YES;
				GCC_WARN_UNUSED_VARIABLE = YES;
				IPHONEOS_DEPLOYMENT_TARGET = 12.0;
				MTL_ENABLE_DEBUG_INFO = NO;
				MTL_FAST_MATH = YES;
				SDKROOT = iphoneos;
				SWIFT_COMPILATION_MODE = wholemodule;
				SWIFT_OPTIMIZATION_LEVEL = "-O";
				VALIDATE_PRODUCT = YES;
			};
			name = Release;
		};
		8C2A0DE321774A9300EBBFDD /* Debug */ = {
			isa = XCBuildConfiguration;
			buildSettings = {
				ASSETCATALOG_COMPILER_APPICON_NAME = AppIcon;
				CODE_SIGN_STYLE = Automatic;
				DEVELOPMENT_TEAM = U98YH747J6;
				INFOPLIST_FILE = "Recipe Me/Info.plist";
				LD_RUNPATH_SEARCH_PATHS = (
					"$(inherited)",
					"@executable_path/Frameworks",
				);
				PRODUCT_BUNDLE_IDENTIFIER = "com.Schiopu.Recipe-Me";
				PRODUCT_NAME = "$(TARGET_NAME)";
				SWIFT_VERSION = 4.2;
				TARGETED_DEVICE_FAMILY = "1,2";
			};
			name = Debug;
		};
		8C2A0DE421774A9300EBBFDD /* Release */ = {
			isa = XCBuildConfiguration;
			buildSettings = {
				ASSETCATALOG_COMPILER_APPICON_NAME = AppIcon;
				CODE_SIGN_STYLE = Automatic;
				DEVELOPMENT_TEAM = U98YH747J6;
				INFOPLIST_FILE = "Recipe Me/Info.plist";
				LD_RUNPATH_SEARCH_PATHS = (
					"$(inherited)",
					"@executable_path/Frameworks",
				);
				PRODUCT_BUNDLE_IDENTIFIER = "com.Schiopu.Recipe-Me";
				PRODUCT_NAME = "$(TARGET_NAME)";
				SWIFT_VERSION = 4.2;
				TARGETED_DEVICE_FAMILY = "1,2";
			};
			name = Release;
		};
		8C2A0DE621774A9300EBBFDD /* Debug */ = {
			isa = XCBuildConfiguration;
			buildSettings = {
				ALWAYS_EMBED_SWIFT_STANDARD_LIBRARIES = YES;
				BUNDLE_LOADER = "$(TEST_HOST)";
				CODE_SIGN_STYLE = Automatic;
				DEVELOPMENT_TEAM = U98YH747J6;
				INFOPLIST_FILE = "Recipe MeTests/Info.plist";
				LD_RUNPATH_SEARCH_PATHS = (
					"$(inherited)",
					"@executable_path/Frameworks",
					"@loader_path/Frameworks",
				);
				PRODUCT_BUNDLE_IDENTIFIER = "com.Schiopu.Recipe-MeTests";
				PRODUCT_NAME = "$(TARGET_NAME)";
				SWIFT_VERSION = 4.2;
				TARGETED_DEVICE_FAMILY = "1,2";
				TEST_HOST = "$(BUILT_PRODUCTS_DIR)/Recipe Me.app/Recipe Me";
			};
			name = Debug;
		};
		8C2A0DE721774A9300EBBFDD /* Release */ = {
			isa = XCBuildConfiguration;
			buildSettings = {
				ALWAYS_EMBED_SWIFT_STANDARD_LIBRARIES = YES;
				BUNDLE_LOADER = "$(TEST_HOST)";
				CODE_SIGN_STYLE = Automatic;
				DEVELOPMENT_TEAM = U98YH747J6;
				INFOPLIST_FILE = "Recipe MeTests/Info.plist";
				LD_RUNPATH_SEARCH_PATHS = (
					"$(inherited)",
					"@executable_path/Frameworks",
					"@loader_path/Frameworks",
				);
				PRODUCT_BUNDLE_IDENTIFIER = "com.Schiopu.Recipe-MeTests";
				PRODUCT_NAME = "$(TARGET_NAME)";
				SWIFT_VERSION = 4.2;
				TARGETED_DEVICE_FAMILY = "1,2";
				TEST_HOST = "$(BUILT_PRODUCTS_DIR)/Recipe Me.app/Recipe Me";
			};
			name = Release;
		};
		8C2A0DE921774A9300EBBFDD /* Debug */ = {
			isa = XCBuildConfiguration;
			buildSettings = {
				ALWAYS_EMBED_SWIFT_STANDARD_LIBRARIES = YES;
				CODE_SIGN_STYLE = Automatic;
				DEVELOPMENT_TEAM = U98YH747J6;
				INFOPLIST_FILE = "Recipe MeUITests/Info.plist";
				LD_RUNPATH_SEARCH_PATHS = (
					"$(inherited)",
					"@executable_path/Frameworks",
					"@loader_path/Frameworks",
				);
				PRODUCT_BUNDLE_IDENTIFIER = "com.Schiopu.Recipe-MeUITests";
				PRODUCT_NAME = "$(TARGET_NAME)";
				SWIFT_VERSION = 4.2;
				TARGETED_DEVICE_FAMILY = "1,2";
				TEST_TARGET_NAME = "Recipe Me";
			};
			name = Debug;
		};
		8C2A0DEA21774A9300EBBFDD /* Release */ = {
			isa = XCBuildConfiguration;
			buildSettings = {
				ALWAYS_EMBED_SWIFT_STANDARD_LIBRARIES = YES;
				CODE_SIGN_STYLE = Automatic;
				DEVELOPMENT_TEAM = U98YH747J6;
				INFOPLIST_FILE = "Recipe MeUITests/Info.plist";
				LD_RUNPATH_SEARCH_PATHS = (
					"$(inherited)",
					"@executable_path/Frameworks",
					"@loader_path/Frameworks",
				);
				PRODUCT_BUNDLE_IDENTIFIER = "com.Schiopu.Recipe-MeUITests";
				PRODUCT_NAME = "$(TARGET_NAME)";
				SWIFT_VERSION = 4.2;
				TARGETED_DEVICE_FAMILY = "1,2";
				TEST_TARGET_NAME = "Recipe Me";
			};
			name = Release;
		};
/* End XCBuildConfiguration section */

/* Begin XCConfigurationList section */
		8C2A0DB221774A9100EBBFDD /* Build configuration list for PBXProject "Recipe Me" */ = {
			isa = XCConfigurationList;
			buildConfigurations = (
				8C2A0DE021774A9300EBBFDD /* Debug */,
				8C2A0DE121774A9300EBBFDD /* Release */,
			);
			defaultConfigurationIsVisible = 0;
			defaultConfigurationName = Release;
		};
		8C2A0DE221774A9300EBBFDD /* Build configuration list for PBXNativeTarget "Recipe Me" */ = {
			isa = XCConfigurationList;
			buildConfigurations = (
				8C2A0DE321774A9300EBBFDD /* Debug */,
				8C2A0DE421774A9300EBBFDD /* Release */,
			);
			defaultConfigurationIsVisible = 0;
			defaultConfigurationName = Release;
		};
		8C2A0DE521774A9300EBBFDD /* Build configuration list for PBXNativeTarget "Recipe MeTests" */ = {
			isa = XCConfigurationList;
			buildConfigurations = (
				8C2A0DE621774A9300EBBFDD /* Debug */,
				8C2A0DE721774A9300EBBFDD /* Release */,
			);
			defaultConfigurationIsVisible = 0;
			defaultConfigurationName = Release;
		};
		8C2A0DE821774A9300EBBFDD /* Build configuration list for PBXNativeTarget "Recipe MeUITests" */ = {
			isa = XCConfigurationList;
			buildConfigurations = (
				8C2A0DE921774A9300EBBFDD /* Debug */,
				8C2A0DEA21774A9300EBBFDD /* Release */,
			);
			defaultConfigurationIsVisible = 0;
			defaultConfigurationName = Release;
		};
/* End XCConfigurationList section */

/* Begin XCVersionGroup section */
		8C2A0DC121774A9100EBBFDD /* Recipe_Me.xcdatamodeld */ = {
			isa = XCVersionGroup;
			children = (
				8C2A0DC221774A9100EBBFDD /* Recipe_Me.xcdatamodel */,
			);
			currentVersion = 8C2A0DC221774A9100EBBFDD /* Recipe_Me.xcdatamodel */;
			path = Recipe_Me.xcdatamodeld;
			sourceTree = "<group>";
			versionGroupType = wrapper.xcdatamodel;
		};
/* End XCVersionGroup section */
	};
	rootObject = 8C2A0DAF21774A9100EBBFDD /* Project object */;
}
